PODS:
  - ASPlaceholderTextView (0.1.2)
  - ASTextInputAccessoryView (0.1.3):
    - ASPlaceholderTextView (~> 0.1)

DEPENDENCIES:
  - ASTextInputAccessoryView (from `../`)

EXTERNAL SOURCES:
  ASTextInputAccessoryView:
    :path: "../"

SPEC CHECKSUMS:
  ASPlaceholderTextView: 4f57aafcb75431967a3ce3f17366e8eabf00ae92
  ASTextInputAccessoryView: ade7b67e9110a2257c03f8aa6c26c818ba4de143

COCOAPODS: 0.39.0
