PODS:
  - ASPlaceholderTextView (0.1.2)
  - ASTextInputAccessoryView (0.1.5):
    - ASPlaceholderTextView (~> 0.1)

DEPENDENCIES:
  - ASTextInputAccessoryView (from `../`)

EXTERNAL SOURCES:
  ASTextInputAccessoryView:
    :path: "../"

SPEC CHECKSUMS:
  ASPlaceholderTextView: 4f57aafcb75431967a3ce3f17366e8eabf00ae92
  ASTextInputAccessoryView: e295728677f945010a80a6409a4e3534fc5dcf0e

COCOAPODS: 0.39.0
